
Microsoft Visual Studio Solution File, Format Version 12.00
# Visual Studio Version 17
VisualStudioVersion = 17.11.35327.3
MinimumVisualStudioVersion = 10.0.40219.1
Project("{FAE04EC0-301F-11D3-BF4B-00C04F79EFBC}") = "Lab9", "Lab9.csproj", "{9232D7FC-9246-46A7-BF07-2C1B26DF51DF}"
EndProject
Global
	GlobalSection(SolutionConfigurationPlatforms) = preSolution
		Debug|Any CPU = Debug|Any CPU
		Release|Any CPU = Release|Any CPU
	EndGlobalSection
	GlobalSection(ProjectConfigurationPlatforms) = postSolution
		{9232D7FC-9246-46A7-BF07-2C1B26DF51DF}.Debug|Any CPU.ActiveCfg = Debug|Any CPU
		{9232D7FC-9246-46A7-BF07-2C1B26DF51DF}.Debug|Any CPU.Build.0 = Debug|Any CPU
		{9232D7FC-9246-46A7-BF07-2C1B26DF51DF}.Release|Any CPU.ActiveCfg = Release|Any CPU
		{9232D7FC-9246-46A7-BF07-2C1B26DF51DF}.Release|Any CPU.Build.0 = Release|Any CPU
	EndGlobalSection
	GlobalSection(SolutionProperties) = preSolution
		HideSolutionNode = FALSE
	EndGlobalSection
	GlobalSection(ExtensibilityGlobals) = postSolution
		SolutionGuid = {791D0C96-363C-4D86-95DB-C382614E7324}
	EndGlobalSection
EndGlobal
