
Microsoft Visual Studio Solution File, Format Version 12.00
# Visual Studio Version 17
VisualStudioVersion = 17.11.35327.3
MinimumVisualStudioVersion = 10.0.40219.1
Project("{FAE04EC0-301F-11D3-BF4B-00C04F79EFBC}") = "Lab12", "Lab12.csproj", "{4AFDDC39-3C1F-4EF0-B28C-0C33C4535B3E}"
EndProject
Global
	GlobalSection(SolutionConfigurationPlatforms) = preSolution
		Debug|Any CPU = Debug|Any CPU
		Release|Any CPU = Release|Any CPU
	EndGlobalSection
	GlobalSection(ProjectConfigurationPlatforms) = postSolution
		{4AFDDC39-3C1F-4EF0-B28C-0C33C4535B3E}.Debug|Any CPU.ActiveCfg = Debug|Any CPU
		{4AFDDC39-3C1F-4EF0-B28C-0C33C4535B3E}.Debug|Any CPU.Build.0 = Debug|Any CPU
		{4AFDDC39-3C1F-4EF0-B28C-0C33C4535B3E}.Release|Any CPU.ActiveCfg = Release|Any CPU
		{4AFDDC39-3C1F-4EF0-B28C-0C33C4535B3E}.Release|Any CPU.Build.0 = Release|Any CPU
	EndGlobalSection
	GlobalSection(SolutionProperties) = preSolution
		HideSolutionNode = FALSE
	EndGlobalSection
	GlobalSection(ExtensibilityGlobals) = postSolution
		SolutionGuid = {AC99AEEA-2544-480F-8C7D-652CF4791D98}
	EndGlobalSection
EndGlobal
